
Microsoft Visual Studio Solution File, Format Version 12.00
Project("{FAE04EC0-301F-11D3-BF4B-00C04F79EFBC}") = "practice", "practice\practice.csproj", "{F63C4EAD-03A0-4F5E-96B9-9BDBBDC7416A}"
EndProject
Global
	GlobalSection(SolutionConfigurationPlatforms) = preSolution
		Debug|Any CPU = Debug|Any CPU
		Release|Any CPU = Release|Any CPU
	EndGlobalSection
	GlobalSection(ProjectConfigurationPlatforms) = postSolution
		{F63C4EAD-03A0-4F5E-96B9-9BDBBDC7416A}.Debug|Any CPU.ActiveCfg = Debug|Any CPU
		{F63C4EAD-03A0-4F5E-96B9-9BDBBDC7416A}.Debug|Any CPU.Build.0 = Debug|Any CPU
		{F63C4EAD-03A0-4F5E-96B9-9BDBBDC7416A}.Release|Any CPU.ActiveCfg = Release|Any CPU
		{F63C4EAD-03A0-4F5E-96B9-9BDBBDC7416A}.Release|Any CPU.Build.0 = Release|Any CPU
	EndGlobalSection
EndGlobal
