
Microsoft Visual Studio Solution File, Format Version 12.00
Project("{FAE04EC0-301F-11D3-BF4B-00C04F79EFBC}") = "PriceEngineImplement", "PriceEngineImplement\PriceEngineImplement.csproj", "{11D71D47-5D89-4991-93CC-9FC77F953BFE}"
EndProject
Project("{FAE04EC0-301F-11D3-BF4B-00C04F79EFBC}") = "ACA.PriceEngineWrapper", "ACA.PriceEngineWrapper\ACA.PriceEngineWrapper.csproj", "{4FACA74D-185E-4B77-A6ED-C87E99714473}"
EndProject
Project("{2150E333-8FDC-42A3-9474-1A3956D46DE8}") = "Exercice1", "Exercice1", "{245762EC-56A8-4E97-84D5-540EA0F2B56C}"
EndProject
Project("{2150E333-8FDC-42A3-9474-1A3956D46DE8}") = "Exercice2", "Exercice2", "{B67F2818-AF57-470A-9DF0-FE14CDF2CD19}"
EndProject
Project("{FAE04EC0-301F-11D3-BF4B-00C04F79EFBC}") = "CsvToolKit", "CsvToolKit\CsvToolKit.csproj", "{E5CC8ADC-9266-46E1-A613-DA2853770281}"
EndProject
Global
	GlobalSection(SolutionConfigurationPlatforms) = preSolution
		Debug|Any CPU = Debug|Any CPU
		Release|Any CPU = Release|Any CPU
	EndGlobalSection
	GlobalSection(ProjectConfigurationPlatforms) = postSolution
		{11D71D47-5D89-4991-93CC-9FC77F953BFE}.Debug|Any CPU.ActiveCfg = Debug|Any CPU
		{11D71D47-5D89-4991-93CC-9FC77F953BFE}.Debug|Any CPU.Build.0 = Debug|Any CPU
		{11D71D47-5D89-4991-93CC-9FC77F953BFE}.Release|Any CPU.ActiveCfg = Release|Any CPU
		{11D71D47-5D89-4991-93CC-9FC77F953BFE}.Release|Any CPU.Build.0 = Release|Any CPU
		{4FACA74D-185E-4B77-A6ED-C87E99714473}.Debug|Any CPU.ActiveCfg = Debug|Any CPU
		{4FACA74D-185E-4B77-A6ED-C87E99714473}.Debug|Any CPU.Build.0 = Debug|Any CPU
		{4FACA74D-185E-4B77-A6ED-C87E99714473}.Release|Any CPU.ActiveCfg = Release|Any CPU
		{4FACA74D-185E-4B77-A6ED-C87E99714473}.Release|Any CPU.Build.0 = Release|Any CPU
		{E5CC8ADC-9266-46E1-A613-DA2853770281}.Debug|Any CPU.ActiveCfg = Debug|Any CPU
		{E5CC8ADC-9266-46E1-A613-DA2853770281}.Debug|Any CPU.Build.0 = Debug|Any CPU
		{E5CC8ADC-9266-46E1-A613-DA2853770281}.Release|Any CPU.ActiveCfg = Release|Any CPU
		{E5CC8ADC-9266-46E1-A613-DA2853770281}.Release|Any CPU.Build.0 = Release|Any CPU
	EndGlobalSection
	GlobalSection(NestedProjects) = preSolution
		{4FACA74D-185E-4B77-A6ED-C87E99714473} = {245762EC-56A8-4E97-84D5-540EA0F2B56C}
		{11D71D47-5D89-4991-93CC-9FC77F953BFE} = {245762EC-56A8-4E97-84D5-540EA0F2B56C}
		{E5CC8ADC-9266-46E1-A613-DA2853770281} = {B67F2818-AF57-470A-9DF0-FE14CDF2CD19}
	EndGlobalSection
EndGlobal
